
Microsoft Visual Studio Solution File, Format Version 12.00
# Visual Studio Version 16
VisualStudioVersion = 16.0.31702.278
MinimumVisualStudioVersion = 10.0.40219.1
Project("{FAE04EC0-301F-11D3-BF4B-00C04F79EFBC}") = "SR", "SR\SR.csproj", "{B192B113-CF8E-4FE7-B446-275A1AE8523B}"
EndProject
Global
	GlobalSection(SolutionConfigurationPlatforms) = preSolution
		Debug|Any CPU = Debug|Any CPU
		Release|Any CPU = Release|Any CPU
	EndGlobalSection
	GlobalSection(ProjectConfigurationPlatforms) = postSolution
		{B192B113-CF8E-4FE7-B446-275A1AE8523B}.Debug|Any CPU.ActiveCfg = Debug|Any CPU
		{B192B113-CF8E-4FE7-B446-275A1AE8523B}.Debug|Any CPU.Build.0 = Debug|Any CPU
		{B192B113-CF8E-4FE7-B446-275A1AE8523B}.Release|Any CPU.ActiveCfg = Release|Any CPU
		{B192B113-CF8E-4FE7-B446-275A1AE8523B}.Release|Any CPU.Build.0 = Release|Any CPU
	EndGlobalSection
	GlobalSection(SolutionProperties) = preSolution
		HideSolutionNode = FALSE
	EndGlobalSection
	GlobalSection(ExtensibilityGlobals) = postSolution
		SolutionGuid = {E0F6B90C-160B-4D3F-B7F2-A1CB7236BACC}
	EndGlobalSection
EndGlobal
